// !$*UTF8*$!
{
	archiveVersion = 1;
	classes = {
	};
	objectVersion = 48;
	objects = {

/* Begin PBXBuildFile section */
		209075A71FD3892A00593257 /* AppDelegate.swift in Sources */ = {isa = PBXBuildFile; fileRef = 209075A61FD3892A00593257 /* AppDelegate.swift */; };
		209075A91FD3892A00593257 /* ViewController.swift in Sources */ = {isa = PBXBuildFile; fileRef = 209075A81FD3892A00593257 /* ViewController.swift */; };
		209075AC1FD3892A00593257 /* Main.storyboard in Resources */ = {isa = PBXBuildFile; fileRef = 209075AA1FD3892A00593257 /* Main.storyboard */; };
		209075AE1FD3892A00593257 /* Assets.xcassets in Resources */ = {isa = PBXBuildFile; fileRef = 209075AD1FD3892A00593257 /* Assets.xcassets */; };
		209075B11FD3892A00593257 /* LaunchScreen.storyboard in Resources */ = {isa = PBXBuildFile; fileRef = 209075AF1FD3892A00593257 /* LaunchScreen.storyboard */; };
		209075BB1FD3899400593257 /* data.txt in Resources */ = {isa = PBXBuildFile; fileRef = 209075BA1FD3899400593257 /* data.txt */; };
/* End PBXBuildFile section */

/* Begin PBXFileReference section */
		209075A31FD3892A00593257 /* CallbacksThreadings.app */ = {isa = PBXFileReference; explicitFileType = wrapper.application; includeInIndex = 0; path = CallbacksThreadings.app; sourceTree = BUILT_PRODUCTS_DIR; };
		209075A61FD3892A00593257 /* AppDelegate.swift */ = {isa = PBXFileReference; lastKnownFileType = sourcecode.swift; path = AppDelegate.swift; sourceTree = "<group>"; };
		209075A81FD3892A00593257 /* ViewController.swift */ = {isa = PBXFileReference; lastKnownFileType = sourcecode.swift; path = ViewController.swift; sourceTree = "<group>"; };
		209075AB1FD3892A00593257 /* Base */ = {isa = PBXFileReference; lastKnownFileType = file.storyboard; name = Base; path = Base.lproj/Main.storyboard; sourceTree = "<group>"; };
		209075AD1FD3892A00593257 /* Assets.xcassets */ = {isa = PBXFileReference; lastKnownFileType = folder.assetcatalog; path = Assets.xcassets; sourceTree = "<group>"; };
		209075B01FD3892A00593257 /* Base */ = {isa = PBXFileReference; lastKnownFileType = file.storyboard; name = Base; path = Base.lproj/LaunchScreen.storyboard; sourceTree = "<group>"; };
		209075B21FD3892A00593257 /* Info.plist */ = {isa = PBXFileReference; lastKnownFileType = text.plist.xml; path = Info.plist; sourceTree = "<group>"; };
		209075BA1FD3899400593257 /* data.txt */ = {isa = PBXFileReference; fileEncoding = 4; lastKnownFileType = text; path = data.txt; sourceTree = "<group>"; };
/* End PBXFileReference section */

/* Begin PBXFrameworksBuildPhase section */
		209075A01FD3892A00593257 /* Frameworks */ = {
			isa = PBXFrameworksBuildPhase;
			buildActionMask = 2147483647;
			files = (
			);
			runOnlyForDeploymentPostprocessing = 0;
		};
/* End PBXFrameworksBuildPhase section */

/* Begin PBXGroup section */
		2090759A1FD3892A00593257 = {
			isa = PBXGroup;
			children = (
				209075A51FD3892A00593257 /* CallbacksThreadings */,
				209075A41FD3892A00593257 /* Products */,
			);
			sourceTree = "<group>";
		};
		209075A41FD3892A00593257 /* Products */ = {
			isa = PBXGroup;
			children = (
				209075A31FD3892A00593257 /* CallbacksThreadings.app */,
			);
			name = Products;
			sourceTree = "<group>";
		};
		209075A51FD3892A00593257 /* CallbacksThreadings */ = {
			isa = PBXGroup;
			children = (
				209075BA1FD3899400593257 /* data.txt */,
				209075A61FD3892A00593257 /* AppDelegate.swift */,
				209075A81FD3892A00593257 /* ViewController.swift */,
				209075AA1FD3892A00593257 /* Main.storyboard */,
				209075AD1FD3892A00593257 /* Assets.xcassets */,
				209075AF1FD3892A00593257 /* LaunchScreen.storyboard */,
				209075B21FD3892A00593257 /* Info.plist */,
			);
			path = CallbacksThreadings;
			sourceTree = "<group>";
		};
/* End PBXGroup section */

/* Begin PBXNativeTarget section */
		209075A21FD3892A00593257 /* CallbacksThreadings */ = {
			isa = PBXNativeTarget;
			buildConfigurationList = 209075B51FD3892A00593257 /* Build configuration list for PBXNativeTarget "CallbacksThreadings" */;
			buildPhases = (
				2090759F1FD3892A00593257 /* Sources */,
				209075A01FD3892A00593257 /* Frameworks */,
				209075A11FD3892A00593257 /* Resources */,
			);
			buildRules = (
			);
			dependencies = (
			);
			name = CallbacksThreadings;
			productName = CallbacksThreadings;
			productReference = 209075A31FD3892A00593257 /* CallbacksThreadings.app */;
			productType = "com.apple.product-type.application";
		};
/* End PBXNativeTarget section */

/* Begin PBXProject section */
		2090759B1FD3892A00593257 /* Project object */ = {
			isa = PBXProject;
			attributes = {
				LastSwiftUpdateCheck = 0910;
				LastUpgradeCheck = 0910;
				ORGANIZATIONNAME = "Lucas Caron Albarello";
				TargetAttributes = {
					209075A21FD3892A00593257 = {
						CreatedOnToolsVersion = 9.1;
						ProvisioningStyle = Manual;
					};
				};
			};
			buildConfigurationList = 2090759E1FD3892A00593257 /* Build configuration list for PBXProject "CallbacksThreadings" */;
			compatibilityVersion = "Xcode 8.0";
			developmentRegion = en;
			hasScannedForEncodings = 0;
			knownRegions = (
				en,
				Base,
			);
			mainGroup = 2090759A1FD3892A00593257;
			productRefGroup = 209075A41FD3892A00593257 /* Products */;
			projectDirPath = "";
			projectRoot = "";
			targets = (
				209075A21FD3892A00593257 /* CallbacksThreadings */,
			);
		};
/* End PBXProject section */

/* Begin PBXResourcesBuildPhase section */
		209075A11FD3892A00593257 /* Resources */ = {
			isa = PBXResourcesBuildPhase;
			buildActionMask = 2147483647;
			files = (
				209075BB1FD3899400593257 /* data.txt in Resources */,
				209075B11FD3892A00593257 /* LaunchScreen.storyboard in Resources */,
				209075AE1FD3892A00593257 /* Assets.xcassets in Resources */,
				209075AC1FD3892A00593257 /* Main.storyboard in Resources */,
			);
			runOnlyForDeploymentPostprocessing = 0;
		};
/* End PBXResourcesBuildPhase section */

/* Begin PBXSourcesBuildPhase section */
		2090759F1FD3892A00593257 /* Sources */ = {
			isa = PBXSourcesBuildPhase;
			buildActionMask = 2147483647;
			files = (
				209075A91FD3892A00593257 /* ViewController.swift in Sources */,
				209075A71FD3892A00593257 /* AppDelegate.swift in Sources */,
			);
			runOnlyForDeploymentPostprocessing = 0;
		};
/* End PBXSourcesBuildPhase section */

/* Begin PBXVariantGroup section */
		209075AA1FD3892A00593257 /* Main.storyboard */ = {
			isa = PBXVariantGroup;
			children = (
				209075AB1FD3892A00593257 /* Base */,
			);
			name = Main.storyboard;
			sourceTree = "<group>";
		};
		209075AF1FD3892A00593257 /* LaunchScreen.storyboard */ = {
			isa = PBXVariantGroup;
			children = (
				209075B01FD3892A00593257 /* Base */,
			);
			name = LaunchScreen.storyboard;
			sourceTree = "<group>";
		};
/* End PBXVariantGroup section */

/* Begin XCBuildConfiguration section */
		209075B31FD3892A00593257 /* Debug */ = {
			isa = XCBuildConfiguration;
			buildSettings = {
				ALWAYS_SEARCH_USER_PATHS = NO;
				CLANG_ANALYZER_NONNULL = YES;
				CLANG_ANALYZER_NUMBER_OBJECT_CONVERSION = YES_AGGRESSIVE;
				CLANG_CXX_LANGUAGE_STANDARD = "gnu++14";
				CLANG_CXX_LIBRARY = "libc++";
				CLANG_ENABLE_MODULES = YES;
				CLANG_ENABLE_OBJC_ARC = YES;
				CLANG_WARN_BLOCK_CAPTURE_AUTORELEASING = YES;
				CLANG_WARN_BOOL_CONVERSION = YES;
				CLANG_WARN_COMMA = YES;
				CLANG_WARN_CONSTANT_CONVERSION = YES;
				CLANG_WARN_DIRECT_OBJC_ISA_USAGE = YES_ERROR;
				CLANG_WARN_DOCUMENTATION_COMMENTS = YES;
				CLANG_WARN_EMPTY_BODY = YES;
				CLANG_WARN_ENUM_CONVERSION = YES;
				CLANG_WARN_INFINITE_RECURSION = YES;
				CLANG_WARN_INT_CONVERSION = YES;
				CLANG_WARN_NON_LITERAL_NULL_CONVERSION = YES;
				CLANG_WARN_OBJC_LITERAL_CONVERSION = YES;
				CLANG_WARN_OBJC_ROOT_CLASS = YES_ERROR;
				CLANG_WARN_RANGE_LOOP_ANALYSIS = YES;
				CLANG_WARN_STRICT_PROTOTYPES = YES;
				CLANG_WARN_SUSPICIOUS_MOVE = YES;
				CLANG_WARN_UNGUARDED_AVAILABILITY = YES_AGGRESSIVE;
				CLANG_WARN_UNREACHABLE_CODE = YES;
				CLANG_WARN__DUPLICATE_METHOD_MATCH = YES;
				CODE_SIGN_IDENTITY = "iPhone Developer";
				COPY_PHASE_STRIP = NO;
				DEBUG_INFORMATION_FORMAT = dwarf;
				ENABLE_STRICT_OBJC_MSGSEND = YES;
				ENABLE_TESTABILITY = YES;
				GCC_C_LANGUAGE_STANDARD = gnu11;
				GCC_DYNAMIC_NO_PIC = NO;
				GCC_NO_COMMON_BLOCKS = YES;
				GCC_OPTIMIZATION_LEVEL = 0;
				GCC_PREPROCESSOR_DEFINITIONS = (
					"DEBUG=1",
					"$(inherited)",
				);
				GCC_WARN_64_TO_32_BIT_CONVERSION = YES;
				GCC_WARN_ABOUT_RETURN_TYPE = YES_ERROR;
				GCC_WARN_UNDECLARED_SELECTOR = YES;
				GCC_WARN_UNINITIALIZED_AUTOS = YES_AGGRESSIVE;
				GCC_WARN_UNUSED_FUNCTION = YES;
				GCC_WARN_UNUSED_VARIABLE = YES;
				IPHONEOS_DEPLOYMENT_TARGET = 11.1;
				MTL_ENABLE_DEBUG_INFO = YES;
				ONLY_ACTIVE_ARCH = YES;
				SDKROOT = iphoneos;
				SWIFT_ACTIVE_COMPILATION_CONDITIONS = DEBUG;
				SWIFT_OPTIMIZATION_LEVEL = "-Onone";
			};
			name = Debug;
		};
		209075B41FD3892A00593257 /* Release */ = {
			isa = XCBuildConfiguration;
			buildSettings = {
				ALWAYS_SEARCH_USER_PATHS = NO;
				CLANG_ANALYZER_NONNULL = YES;
				CLANG_ANALYZER_NUMBER_OBJECT_CONVERSION = YES_AGGRESSIVE;
				CLANG_CXX_LANGUAGE_STANDARD = "gnu++14";
				CLANG_CXX_LIBRARY = "libc++";
				CLANG_ENABLE_MODULES = YES;
				CLANG_ENABLE_OBJC_ARC = YES;
				CLANG_WARN_BLOCK_CAPTURE_AUTORELEASING = YES;
				CLANG_WARN_BOOL_CONVERSION = YES;
				CLANG_WARN_COMMA = YES;
				CLANG_WARN_CONSTANT_CONVERSION = YES;
				CLANG_WARN_DIRECT_OBJC_ISA_USAGE = YES_ERROR;
				CLANG_WARN_DOCUMENTATION_COMMENTS = YES;
				CLANG_WARN_EMPTY_BODY = YES;
				CLANG_WARN_ENUM_CONVERSION = YES;
				CLANG_WARN_INFINITE_RECURSION = YES;
				CLANG_WARN_INT_CONVERSION = YES;
				CLANG_WARN_NON_LITERAL_NULL_CONVERSION = YES;
				CLANG_WARN_OBJC_LITERAL_CONVERSION = YES;
				CLANG_WARN_OBJC_ROOT_CLASS = YES_ERROR;
				CLANG_WARN_RANGE_LOOP_ANALYSIS = YES;
				CLANG_WARN_STRICT_PROTOTYPES = YES;
				CLANG_WARN_SUSPICIOUS_MOVE = YES;
				CLANG_WARN_UNGUARDED_AVAILABILITY = YES_AGGRESSIVE;
				CLANG_WARN_UNREACHABLE_CODE = YES;
				CLANG_WARN__DUPLICATE_METHOD_MATCH = YES;
				CODE_SIGN_IDENTITY = "iPhone Developer";
				COPY_PHASE_STRIP = NO;
				DEBUG_INFORMATION_FORMAT = "dwarf-with-dsym";
				ENABLE_NS_ASSERTIONS = NO;
				ENABLE_STRICT_OBJC_MSGSEND = YES;
				GCC_C_LANGUAGE_STANDARD = gnu11;
				GCC_NO_COMMON_BLOCKS = YES;
				GCC_WARN_64_TO_32_BIT_CONVERSION = YES;
				GCC_WARN_ABOUT_RETURN_TYPE = YES_ERROR;
				GCC_WARN_UNDECLARED_SELECTOR = YES;
				GCC_WARN_UNINITIALIZED_AUTOS = YES_AGGRESSIVE;
				GCC_WARN_UNUSED_FUNCTION = YES;
				GCC_WARN_UNUSED_VARIABLE = YES;
				IPHONEOS_DEPLOYMENT_TARGET = 11.1;
				MTL_ENABLE_DEBUG_INFO = NO;
				SDKROOT = iphoneos;
				SWIFT_OPTIMIZATION_LEVEL = "-Owholemodule";
				VALIDATE_PRODUCT = YES;
			};
			name = Release;
		};
		209075B61FD3892A00593257 /* Debug */ = {
			isa = XCBuildConfiguration;
			buildSettings = {
				ASSETCATALOG_COMPILER_APPICON_NAME = AppIcon;
				CODE_SIGN_STYLE = Manual;
				DEVELOPMENT_TEAM = "";
				INFOPLIST_FILE = CallbacksThreadings/Info.plist;
				LD_RUNPATH_SEARCH_PATHS = "$(inherited) @executable_path/Frameworks";
				PRODUCT_BUNDLE_IDENTIFIER = com.lucasnoracapps.CallbacksThreadings;
				PRODUCT_NAME = "$(TARGET_NAME)";
				PROVISIONING_PROFILE_SPECIFIER = "";
				SWIFT_VERSION = 4.0;
				TARGETED_DEVICE_FAMILY = "1,2";
			};
			name = Debug;
		};
		209075B71FD3892A00593257 /* Release */ = {
			isa = XCBuildConfiguration;
			buildSettings = {
				ASSETCATALOG_COMPILER_APPICON_NAME = AppIcon;
				CODE_SIGN_STYLE = Manual;
				DEVELOPMENT_TEAM = "";
				INFOPLIST_FILE = CallbacksThreadings/Info.plist;
				LD_RUNPATH_SEARCH_PATHS = "$(inherited) @executable_path/Frameworks";
				PRODUCT_BUNDLE_IDENTIFIER = com.lucasnoracapps.CallbacksThreadings;
				PRODUCT_NAME = "$(TARGET_NAME)";
				PROVISIONING_PROFILE_SPECIFIER = "";
				SWIFT_VERSION = 4.0;
				TARGETED_DEVICE_FAMILY = "1,2";
			};
			name = Release;
		};
/* End XCBuildConfiguration section */

/* Begin XCConfigurationList section */
		2090759E1FD3892A00593257 /* Build configuration list for PBXProject "CallbacksThreadings" */ = {
			isa = XCConfigurationList;
			buildConfigurations = (
				209075B31FD3892A00593257 /* Debug */,
				209075B41FD3892A00593257 /* Release */,
			);
			defaultConfigurationIsVisible = 0;
			defaultConfigurationName = Release;
		};
		209075B51FD3892A00593257 /* Build configuration list for PBXNativeTarget "CallbacksThreadings" */ = {
			isa = XCConfigurationList;
			buildConfigurations = (
				209075B61FD3892A00593257 /* Debug */,
				209075B71FD3892A00593257 /* Release */,
			);
			defaultConfigurationIsVisible = 0;
			defaultConfigurationName = Release;
		};
/* End XCConfigurationList section */
	};
	rootObject = 2090759B1FD3892A00593257 /* Project object */;
}
